
Microsoft Visual Studio Solution File, Format Version 12.00
# Visual Studio Version 17
VisualStudioVersion = 17.6.33801.468
MinimumVisualStudioVersion = 10.0.40219.1
Project("{9A19103F-16F7-4668-BE54-9A1E7A4F7556}") = "BlazingPizza", "BlazingPizza.csproj", "{9DE4DD4D-815A-4F2C-A1BF-369F585D1155}"
EndProject
Global
	GlobalSection(SolutionConfigurationPlatforms) = preSolution
		Debug|Any CPU = Debug|Any CPU
		Release|Any CPU = Release|Any CPU
	EndGlobalSection
	GlobalSection(ProjectConfigurationPlatforms) = postSolution
		{9DE4DD4D-815A-4F2C-A1BF-369F585D1155}.Debug|Any CPU.ActiveCfg = Debug|Any CPU
		{9DE4DD4D-815A-4F2C-A1BF-369F585D1155}.Debug|Any CPU.Build.0 = Debug|Any CPU
		{9DE4DD4D-815A-4F2C-A1BF-369F585D1155}.Release|Any CPU.ActiveCfg = Release|Any CPU
		{9DE4DD4D-815A-4F2C-A1BF-369F585D1155}.Release|Any CPU.Build.0 = Release|Any CPU
	EndGlobalSection
	GlobalSection(SolutionProperties) = preSolution
		HideSolutionNode = FALSE
	EndGlobalSection
	GlobalSection(ExtensibilityGlobals) = postSolution
		SolutionGuid = {6E6850CB-3FE4-4A38-B3FE-893D0B566399}
	EndGlobalSection
EndGlobal
